PODS:
  - Bolts/Tasks (1.9.0)
  - Charts (3.1.1):
    - Charts/Core (= 3.1.1)
  - Charts/Core (3.1.1)
  - Parse (1.17.1):
    - Parse/Core (= 1.17.1)
  - Parse/Core (1.17.1):
    - Bolts/Tasks (~> 1.9)

DEPENDENCIES:
  - Charts
  - Parse

SPEC REPOS:
  https://github.com/CocoaPods/Specs.git:
    - Bolts
    - Charts
    - Parse

SPEC CHECKSUMS:
  Bolts: ac6567323eac61e203f6a9763667d0f711be34c8
  Charts: 90a4d61da0f6e06684c591e3bcab11940fe61736
  Parse: d3edaf8c7c722cb33cb83ba7821d015ae32d362d

PODFILE CHECKSUM: 0d309ddb5f6ff3788b664d4e883d58ffd9254c90

COCOAPODS: 1.5.0
